# THIS IS AN AUTOGENERATED FILE. DO NOT EDIT THIS FILE DIRECTLY.
# yarn lockfile v1


turbo-android-arm64@1.4.6:
  version "1.4.6"
  resolved "https://registry.yarnpkg.com/turbo-android-arm64/-/turbo-android-arm64-1.4.6.tgz#2127110335a86a50856852c2728eb75f7f61b77b"
  integrity sha512-YxSlHc64CF5J7yNUMiLBHkeLyzrpe75Oy7tivWb3z7ySG44BXPikk4HDJZPh0T1ELvukDwuPKkvDukJ2oCLJpA==

turbo-darwin-64@1.4.6:
  version "1.4.6"
  resolved "https://registry.yarnpkg.com/turbo-darwin-64/-/turbo-darwin-64-1.4.6.tgz#8b3d930ed0d0b8c358d87ed2347381496f4283dd"
  integrity sha512-f6uto7LLpjwZ6iZSF+8uaDpuiTji6xmnWDxNuW23DBE8iv5mxehHd+6Ys851uKDRrPb3QdCu9ctyigKTAla5Vg==

turbo-darwin-arm64@1.4.6:
  version "1.4.6"
  resolved "https://registry.yarnpkg.com/turbo-darwin-arm64/-/turbo-darwin-arm64-1.4.6.tgz#7f045cbfbb1d6ac18ea28122b9a6a5fdc629488a"
  integrity sha512-o9C6e5XyuMHQwE0fEhUxfpXxvNr2QXXWX8nxIjygxeF19AqKbk/s08vZBOEmXV6/gx/pRhZ1S2nf0PIUjKBD/Q==

turbo-freebsd-64@1.4.6:
  version "1.4.6"
  resolved "https://registry.yarnpkg.com/turbo-freebsd-64/-/turbo-freebsd-64-1.4.6.tgz#b16c5617f2e818a709627351f1e14d1fd8dcf0e7"
  integrity sha512-Gg9VOUo6McXYKGevcYjGUSmMryZyZggvpdPh7Dw3QTcT8Tsy6OBtq6WnJ2O4kFDsMigyKtEOJPceD9vDMZt3yQ==

turbo-freebsd-arm64@1.4.6:
  version "1.4.6"
  resolved "https://registry.yarnpkg.com/turbo-freebsd-arm64/-/turbo-freebsd-arm64-1.4.6.tgz#462b8ba68cccac93d169c80cf458d221c662a770"
  integrity sha512-W7VrcneWFN1QENKt5cpAPSsf9ArYBBAm3VtPBZEO5tX8kuahGlah1SKdKJXrRxYOY82wyNxDagS/rHpBlrAAzw==

turbo-linux-32@1.4.6:
  version "1.4.6"
  resolved "https://registry.yarnpkg.com/turbo-linux-32/-/turbo-linux-32-1.4.6.tgz#0a0859be0941e4bcdc4bff81b97ee36f02cc1ffd"
  integrity sha512-76j/zsui6mWPX8pZVMGgF8eiKHPmKuGa2lo0A/Ja0HUvdYCOGUfHsWJGVVIeYbuEp3jsKyVt7OnMDeH9CqO6bg==

turbo-linux-64@1.4.6:
  version "1.4.6"
  resolved "https://registry.yarnpkg.com/turbo-linux-64/-/turbo-linux-64-1.4.6.tgz#0a7d76fab78d7850c26d9d6b372c40ffca9835f8"
  integrity sha512-z4A37Xm7lZyO9ddtGnvQHWMrsAKX6vFBxdbtb9MY76VRblo7lWSuk4LwCeM+T+ZDJ9LBFiF7aD/diRShlLx9jA==

turbo-linux-arm64@1.4.6:
  version "1.4.6"
  resolved "https://registry.yarnpkg.com/turbo-linux-arm64/-/turbo-linux-arm64-1.4.6.tgz#c66d3c6917ccbdb34cd7ce37c900613f4d690ebc"
  integrity sha512-FW1jmOpZfOoVVvml338N0MPnYjiMyYWTaMb4T+IosgGYymcUE3xJjfXJcqfU/9/uKTyY8zG0qr9/5rw2kpMS2Q==

turbo-linux-arm@1.4.6:
  version "1.4.6"
  resolved "https://registry.yarnpkg.com/turbo-linux-arm/-/turbo-linux-arm-1.4.6.tgz#9a9d73a722bdd6acb40276d0616c155168a32172"
  integrity sha512-Uh/V3oaAdhyZW6FKPpKihAxQo3EbvLaVNnzzkBmBnvHRkqoDJHhpuG72V7nn8pzxVbJ1++NEVjvbc2kmKFvGjg==

turbo-linux-mips64le@1.4.6:
  version "1.4.6"
  resolved "https://registry.yarnpkg.com/turbo-linux-mips64le/-/turbo-linux-mips64le-1.4.6.tgz#eb74c333c16ef03aa30dcb83fcc29d58218656e4"
  integrity sha512-iWaL3Pwj52BH3T2M8nXScmbSnq4+x47MYK7lJMG7FsZGAIoT5ToO1Wt1iX3GRHTcnIZYm/kCfJ1ptK/NCossLA==

turbo-linux-ppc64le@1.4.6:
  version "1.4.6"
  resolved "https://registry.yarnpkg.com/turbo-linux-ppc64le/-/turbo-linux-ppc64le-1.4.6.tgz#74597f4c30fe73c92ef8912e4bf25ccbe7c7ec7e"
  integrity sha512-Af/KlUmpiORDyELxT7byXNWl3fefErGQMJfeqXEtAdhs8OCKQWuU+lchcZbiBZYNpL+lZoa3PAmP9Fpx7R4plA==

turbo-windows-32@1.4.6:
  version "1.4.6"
  resolved "https://registry.yarnpkg.com/turbo-windows-32/-/turbo-windows-32-1.4.6.tgz#df1f3c25fea0bbccf7c5b44111ddbcd57f6fe547"
  integrity sha512-NBd+XPlRSaR//lVN13Q9DOqK3CbowSvafIyGsO4jfvMsGTdyNDL6AYtFsvTKW91/G7ZhATmSEkPn2pZRuhP/DA==

turbo-windows-64@1.4.6:
  version "1.4.6"
  resolved "https://registry.yarnpkg.com/turbo-windows-64/-/turbo-windows-64-1.4.6.tgz#6a7d8897bb60234b6bc4b5d013adb00fac6f2beb"
  integrity sha512-86AbmG+CjzVTpn4RGtwU2CYy4zSyAc9bIQ4pDGLIpCJg6JlD11duaiMJh0SCU/HCqWLJjWDI4qD+f9WNbgPsyQ==

turbo-windows-arm64@1.4.6:
  version "1.4.6"
  resolved "https://registry.yarnpkg.com/turbo-windows-arm64/-/turbo-windows-arm64-1.4.6.tgz#4c80528c6670ef50129053ad8279c832190b7234"
  integrity sha512-V+pWcqhTtmQQ3ew8qEjYtUwzyW6tO1RgvP+6OKzItYzTnMTr1Fe42Q21V+tqRNxuNfFDKsgVJdk2p5wB87bvyQ==

turbo@^1.4.6:
  version "1.4.6"
  resolved "https://registry.yarnpkg.com/turbo/-/turbo-1.4.6.tgz#c97c23cf898380bedabd04c5a91ab4eb9829bcdc"
  integrity sha512-FKtBXlOJ7YjSK22yj4sJLCtDcHFElypt7xw9cZN7Wyv9x4XBrTmh5KP6RmcGnRR1/GJlTNwD2AY2T9QTPnHh+g==
  optionalDependencies:
    turbo-android-arm64 "1.4.6"
    turbo-darwin-64 "1.4.6"
    turbo-darwin-arm64 "1.4.6"
    turbo-freebsd-64 "1.4.6"
    turbo-freebsd-arm64 "1.4.6"
    turbo-linux-32 "1.4.6"
    turbo-linux-64 "1.4.6"
    turbo-linux-arm "1.4.6"
    turbo-linux-arm64 "1.4.6"
    turbo-linux-mips64le "1.4.6"
    turbo-linux-ppc64le "1.4.6"
    turbo-windows-32 "1.4.6"
    turbo-windows-64 "1.4.6"
    turbo-windows-arm64 "1.4.6"
